github.com/Xaytick/zinx v0.0.0-20250508173059-940fe4b8a9e3 h1:MJPVSxvVpO5CPW1t01EfWdAGJNPJAh+JJcbIf8PNj3E=
github.com/Xaytick/zinx v0.0.0-20250508173059-940fe4b8a9e3/go.mod h1:SQHlC4dLrw5Mp+sBRDjL1NUxDT4LIHzq/VvUu96JCAY=
github.com/pkg/errors v0.9.1 h1:FEBLx1zS214owpjy7qsBeixbURkuhQAwrK5UwLGTwt4=
github.com/pkg/errors v0.9.1/go.mod h1:bwawxfHBFNV+L2hUp1rHADufV3IMtnDRdf1r5NINEl0=
