github.com/Xaytick/zinx v0.0.0-20250507150721-5d8849d2cea9 h1:YrQa7zG+Lh/0alCWSKbx9dSkenL134kcpcqhVCq3+XM=
github.com/Xaytick/zinx v0.0.0-20250507150721-5d8849d2cea9/go.mod h1:SQHlC4dLrw5Mp+sBRDjL1NUxDT4LIHzq/VvUu96JCAY=
github.com/pkg/errors v0.9.1 h1:FEBLx1zS214owpjy7qsBeixbURkuhQAwrK5UwLGTwt4=
github.com/pkg/errors v0.9.1/go.mod h1:bwawxfHBFNV+L2hUp1rHADufV3IMtnDRdf1r5NINEl0=
